
Microsoft Visual Studio Solution File, Format Version 12.00
# Visual Studio 15
VisualStudioVersion = 15.0.27703.2047
MinimumVisualStudioVersion = 10.0.40219.1
Project("{9A19103F-16F7-4668-BE54-9A1E7A4F7556}") = "SevSharks.Identity.BusinessLogic", "SevSharks.Identity.BusinessLogic\SevSharks.Identity.BusinessLogic.csproj", "{781CC436-0840-4D50-A5F9-BD71CE10122F}"
EndProject
Project("{9A19103F-16F7-4668-BE54-9A1E7A4F7556}") = "SevSharks.Identity.DataAccess", "SevSharks.Identity.DataAccess\SevSharks.Identity.DataAccess.csproj", "{6116ABBA-AC33-48F0-9BEF-DC156AFA4625}"
EndProject
Project("{9A19103F-16F7-4668-BE54-9A1E7A4F7556}") = "SevSharks.Identity.WebUI", "SevSharks.Identity.WebUI\SevSharks.Identity.WebUI.csproj", "{48416178-7E30-4E59-A576-EE6EE550B999}"
EndProject
Global
	GlobalSection(SolutionConfigurationPlatforms) = preSolution
		Debug|Any CPU = Debug|Any CPU
		Release|Any CPU = Release|Any CPU
	EndGlobalSection
	GlobalSection(ProjectConfigurationPlatforms) = postSolution
		{781CC436-0840-4D50-A5F9-BD71CE10122F}.Debug|Any CPU.ActiveCfg = Debug|Any CPU
		{781CC436-0840-4D50-A5F9-BD71CE10122F}.Debug|Any CPU.Build.0 = Debug|Any CPU
		{781CC436-0840-4D50-A5F9-BD71CE10122F}.Release|Any CPU.ActiveCfg = Release|Any CPU
		{781CC436-0840-4D50-A5F9-BD71CE10122F}.Release|Any CPU.Build.0 = Release|Any CPU
		{6116ABBA-AC33-48F0-9BEF-DC156AFA4625}.Debug|Any CPU.ActiveCfg = Debug|Any CPU
		{6116ABBA-AC33-48F0-9BEF-DC156AFA4625}.Debug|Any CPU.Build.0 = Debug|Any CPU
		{6116ABBA-AC33-48F0-9BEF-DC156AFA4625}.Release|Any CPU.ActiveCfg = Release|Any CPU
		{6116ABBA-AC33-48F0-9BEF-DC156AFA4625}.Release|Any CPU.Build.0 = Release|Any CPU
		{48416178-7E30-4E59-A576-EE6EE550B999}.Debug|Any CPU.ActiveCfg = Debug|Any CPU
		{48416178-7E30-4E59-A576-EE6EE550B999}.Debug|Any CPU.Build.0 = Debug|Any CPU
		{48416178-7E30-4E59-A576-EE6EE550B999}.Release|Any CPU.ActiveCfg = Release|Any CPU
		{48416178-7E30-4E59-A576-EE6EE550B999}.Release|Any CPU.Build.0 = Release|Any CPU
	EndGlobalSection
	GlobalSection(SolutionProperties) = preSolution
		HideSolutionNode = FALSE
	EndGlobalSection
	GlobalSection(ExtensibilityGlobals) = postSolution
		SolutionGuid = {9CDDB896-590E-4045-B247-F4BDBDAD972B}
	EndGlobalSection
EndGlobal
